
Microsoft Visual Studio Solution File, Format Version 12.00
# Visual Studio Version 16
VisualStudioVersion = 16.0.30907.101
MinimumVisualStudioVersion = 10.0.40219.1
Project("{FAE04EC0-301F-11D3-BF4B-00C04F79EFBC}") = "GhibliAPI_Testing_Framework", "GhibliAPI_Testing_Framework\GhibliAPI_Testing_Framework.csproj", "{C8152433-A772-4490-AED2-393B32460453}"
EndProject
Global
	GlobalSection(SolutionConfigurationPlatforms) = preSolution
		Debug|Any CPU = Debug|Any CPU
		Release|Any CPU = Release|Any CPU
	EndGlobalSection
	GlobalSection(ProjectConfigurationPlatforms) = postSolution
		{C8152433-A772-4490-AED2-393B32460453}.Debug|Any CPU.ActiveCfg = Debug|Any CPU
		{C8152433-A772-4490-AED2-393B32460453}.Debug|Any CPU.Build.0 = Debug|Any CPU
		{C8152433-A772-4490-AED2-393B32460453}.Release|Any CPU.ActiveCfg = Release|Any CPU
		{C8152433-A772-4490-AED2-393B32460453}.Release|Any CPU.Build.0 = Release|Any CPU
	EndGlobalSection
	GlobalSection(SolutionProperties) = preSolution
		HideSolutionNode = FALSE
	EndGlobalSection
	GlobalSection(ExtensibilityGlobals) = postSolution
		SolutionGuid = {CBA1D46F-EFD9-401D-9B45-DDAFBF975B8A}
	EndGlobalSection
EndGlobal
